
Microsoft Visual Studio Solution File, Format Version 12.00
# Visual Studio Version 17
VisualStudioVersion = 17.5.33516.290
MinimumVisualStudioVersion = 10.0.40219.1
Project("{FAE04EC0-301F-11D3-BF4B-00C04F79EFBC}") = "PolyVehicle", "PolyVehicle\PolyVehicle.csproj", "{6DB50999-F01A-4058-94AC-C4766D76ADE9}"
EndProject
Global
	GlobalSection(SolutionConfigurationPlatforms) = preSolution
		Debug|Any CPU = Debug|Any CPU
		Release|Any CPU = Release|Any CPU
	EndGlobalSection
	GlobalSection(ProjectConfigurationPlatforms) = postSolution
		{6DB50999-F01A-4058-94AC-C4766D76ADE9}.Debug|Any CPU.ActiveCfg = Debug|Any CPU
		{6DB50999-F01A-4058-94AC-C4766D76ADE9}.Debug|Any CPU.Build.0 = Debug|Any CPU
		{6DB50999-F01A-4058-94AC-C4766D76ADE9}.Release|Any CPU.ActiveCfg = Release|Any CPU
		{6DB50999-F01A-4058-94AC-C4766D76ADE9}.Release|Any CPU.Build.0 = Release|Any CPU
	EndGlobalSection
	GlobalSection(SolutionProperties) = preSolution
		HideSolutionNode = FALSE
	EndGlobalSection
	GlobalSection(ExtensibilityGlobals) = postSolution
		SolutionGuid = {04106678-0E58-4808-845A-56B176F91AC0}
	EndGlobalSection
EndGlobal
